
Microsoft Visual Studio Solution File, Format Version 12.00
# Visual Studio Version 16
VisualStudioVersion = 16.0.30517.126
MinimumVisualStudioVersion = 10.0.40219.1
Project("{FAE04EC0-301F-11D3-BF4B-00C04F79EFBC}") = "SimonSys", "SimonSys\SimonSys.csproj", "{11278642-9362-41E7-B8C1-256AA1F7A477}"
EndProject
Global
	GlobalSection(SolutionConfigurationPlatforms) = preSolution
		Debug|Any CPU = Debug|Any CPU
		Release|Any CPU = Release|Any CPU
	EndGlobalSection
	GlobalSection(ProjectConfigurationPlatforms) = postSolution
		{11278642-9362-41E7-B8C1-256AA1F7A477}.Debug|Any CPU.ActiveCfg = Debug|Any CPU
		{11278642-9362-41E7-B8C1-256AA1F7A477}.Debug|Any CPU.Build.0 = Debug|Any CPU
		{11278642-9362-41E7-B8C1-256AA1F7A477}.Release|Any CPU.ActiveCfg = Release|Any CPU
		{11278642-9362-41E7-B8C1-256AA1F7A477}.Release|Any CPU.Build.0 = Release|Any CPU
	EndGlobalSection
	GlobalSection(SolutionProperties) = preSolution
		HideSolutionNode = FALSE
	EndGlobalSection
	GlobalSection(ExtensibilityGlobals) = postSolution
		SolutionGuid = {061AA75E-48FF-4E25-A552-2A6774516681}
	EndGlobalSection
EndGlobal
